<?xml version="1.0" encoding="utf-8"?>
<Project ToolsVersion="4.0" xmlns="http://schemas.microsoft.com/developer/msbuild/2003">
  <ItemGroup>
    <Filter Include="ソース ファイル">
      <UniqueIdentifier>{4FC737F1-C7A5-4376-A066-2A32D752A2FF}</UniqueIdentifier>
      <Extensions>cpp;c;cc;cxx;c++;cppm;ixx;def;odl;idl;hpj;bat;asm;asmx</Extensions>
    </Filter>
    <Filter Include="ヘッダー ファイル">
      <UniqueIdentifier>{93995380-89BD-4b04-88EB-625FBE52EBFB}</UniqueIdentifier>
      <Extensions>h;hh;hpp;hxx;h++;hm;inl;inc;ipp;xsd</Extensions>
    </Filter>
    <Filter Include="リソース ファイル">
      <UniqueIdentifier>{67DA6AB6-F800-4c08-8B7A-83BB121AAD01}</UniqueIdentifier>
      <Extensions>rc;ico;cur;bmp;dlg;rc2;rct;bin;rgs;gif;jpg;jpeg;jpe;resx;tiff;tif;png;wav;mfcribbon-ms</Extensions>
    </Filter>
    <Filter Include="externals">
      <UniqueIdentifier>{86352260-568b-40f4-b50b-b485230ecd8f}</UniqueIdentifier>
    </Filter>
    <Filter Include="externals\imgui">
      <UniqueIdentifier>{7d504803-a165-46a0-ac81-d3565b7c5296}</UniqueIdentifier>
    </Filter>
    <Filter Include="ソース ファイル\engine">
      <UniqueIdentifier>{f45d2279-7229-4924-b848-568a0bc61d17}</UniqueIdentifier>
    </Filter>
    <Filter Include="ソース ファイル\application">
      <UniqueIdentifier>{7cf28097-efcc-4bd0-b80e-bf39a788789d}</UniqueIdentifier>
    </Filter>
    <Filter Include="ソース ファイル\engine\utility">
      <UniqueIdentifier>{adea7f51-967d-4e7f-9cfa-1123cf9d38f4}</UniqueIdentifier>
    </Filter>
    <Filter Include="ソース ファイル\engine\debug">
      <UniqueIdentifier>{afd347f0-486f-41db-b4f1-0a0ef2aa10e8}</UniqueIdentifier>
    </Filter>
    <Filter Include="ヘッダー ファイル\application">
      <UniqueIdentifier>{d0da94cd-c379-43e5-b0b3-d24345bad7fb}</UniqueIdentifier>
    </Filter>
    <Filter Include="ヘッダー ファイル\engine">
      <UniqueIdentifier>{7f124230-efa9-4fc7-9d66-70164a5c3557}</UniqueIdentifier>
    </Filter>
    <Filter Include="ヘッダー ファイル\engine\debug">
      <UniqueIdentifier>{19b3c6f3-47bc-40f2-bbdd-812d6f0f241b}</UniqueIdentifier>
    </Filter>
    <Filter Include="ヘッダー ファイル\engine\utility">
      <UniqueIdentifier>{3993bd16-d47a-47b2-b48f-6af1380b0c3e}</UniqueIdentifier>
    </Filter>
    <Filter Include="ソース ファイル\engine\Sprite">
      <UniqueIdentifier>{faa04207-dfbb-49f1-a429-9980cd22e01e}</UniqueIdentifier>
    </Filter>
    <Filter Include="ヘッダー ファイル\engine\Sprite">
      <UniqueIdentifier>{f86782a2-1335-43ea-aaf1-4cb99f9faab9}</UniqueIdentifier>
    </Filter>
    <Filter Include="ソース ファイル\engine\Object3D">
      <UniqueIdentifier>{68949c73-0b35-4aff-88c0-ab60d7331d3c}</UniqueIdentifier>
    </Filter>
    <Filter Include="ヘッダー ファイル\engine\Object3D">
      <UniqueIdentifier>{89f64086-b7d8-4748-b12b-dae37a43e8bf}</UniqueIdentifier>
    </Filter>
    <Filter Include="ヘッダー ファイル\engine\Camera">
      <UniqueIdentifier>{278c79f9-c9e1-47d7-950c-92eb55c36210}</UniqueIdentifier>
    </Filter>
    <Filter Include="ソース ファイル\engine\Camera">
      <UniqueIdentifier>{2bff4c44-1f69-4a87-a359-918b5bdf41e2}</UniqueIdentifier>
    </Filter>
    <Filter Include="Shader">
      <UniqueIdentifier>{b2b0ab50-6fd7-4ac0-a3ec-977b77415f55}</UniqueIdentifier>
    </Filter>
    <Filter Include="ソース ファイル\engine\Model">
      <UniqueIdentifier>{3c3a4292-9a73-4522-8408-88790e51561a}</UniqueIdentifier>
    </Filter>
    <Filter Include="ヘッダー ファイル\engine\Model">
      <UniqueIdentifier>{53a9334c-25a6-4035-845a-b831bb56efc0}</UniqueIdentifier>
    </Filter>
    <Filter Include="ソース ファイル\engine\Particle">
      <UniqueIdentifier>{6d6f5532-ccc9-4beb-920e-59483b32173d}</UniqueIdentifier>
    </Filter>
    <Filter Include="ヘッダー ファイル\engine\Particle">
      <UniqueIdentifier>{4f1e747c-a66f-4f9a-a6a5-8992b1cb5352}</UniqueIdentifier>
    </Filter>
    <Filter Include="ヘッダー ファイル\engine\utility\Math">
      <UniqueIdentifier>{32ab3e37-c014-4505-8c6b-fb423fcbbf3d}</UniqueIdentifier>
    </Filter>
  </ItemGroup>
  <ItemGroup>
    <ClCompile Include="main.cpp">
      <Filter>ソース ファイル</Filter>
    </ClCompile>
    <ClCompile Include="externals\imgui\imgui.cpp">
      <Filter>externals\imgui</Filter>
    </ClCompile>
    <ClCompile Include="externals\imgui\imgui_demo.cpp">
      <Filter>externals\imgui</Filter>
    </ClCompile>
    <ClCompile Include="externals\imgui\imgui_draw.cpp">
      <Filter>externals\imgui</Filter>
    </ClCompile>
    <ClCompile Include="externals\imgui\imgui_tables.cpp">
      <Filter>externals\imgui</Filter>
    </ClCompile>
    <ClCompile Include="externals\imgui\imgui_widgets.cpp">
      <Filter>externals\imgui</Filter>
    </ClCompile>
    <ClCompile Include="externals\imgui\imgui_impl_dx12.cpp">
      <Filter>externals\imgui</Filter>
    </ClCompile>
    <ClCompile Include="externals\imgui\imgui_impl_win32.cpp">
      <Filter>externals\imgui</Filter>
    </ClCompile>
    <ClCompile Include="2025_CG2_DirectX\engine\utility\Math\MyMath.cpp">
      <Filter>ソース ファイル\engine\utility</Filter>
    </ClCompile>
    <ClCompile Include="2025_CG2_DirectX\engine\debug\DebugCamera.cpp">
      <Filter>ソース ファイル\engine\debug</Filter>
    </ClCompile>
    <ClCompile Include="2025_CG2_DirectX\engine\input.cpp">
      <Filter>ソース ファイル\engine</Filter>
    </ClCompile>
    <ClCompile Include="2025_CG2_DirectX\engine\WindowsApi.cpp">
      <Filter>ソース ファイル\engine</Filter>
    </ClCompile>
    <ClCompile Include="2025_CG2_DirectX\engine\utility\Logger.cpp">
      <Filter>ソース ファイル\engine\utility</Filter>
    </ClCompile>
    <ClCompile Include="2025_CG2_DirectX\engine\utility\StringUtility.cpp">
      <Filter>ソース ファイル\engine\utility</Filter>
    </ClCompile>
    <ClCompile Include="2025_CG2_DirectX\engine\DirectXBasic.cpp">
      <Filter>ソース ファイル\engine</Filter>
    </ClCompile>
    <ClCompile Include="2025_CG2_DirectX\engine\FixFPS.cpp">
      <Filter>ソース ファイル\engine</Filter>
    </ClCompile>
    <ClCompile Include="2025_CG2_DirectX\engine\Sprite\Sprite.cpp">
      <Filter>ソース ファイル\engine\Sprite</Filter>
    </ClCompile>
    <ClCompile Include="2025_CG2_DirectX\engine\Sprite\SpriteBasic.cpp">
      <Filter>ソース ファイル\engine\Sprite</Filter>
    </ClCompile>
    <ClCompile Include="2025_CG2_DirectX\engine\Object3D\Object3D.cpp">
      <Filter>ソース ファイル\engine\Object3D</Filter>
    </ClCompile>
    <ClCompile Include="2025_CG2_DirectX\engine\Object3D\Object3DBasic.cpp">
      <Filter>ソース ファイル\engine\Object3D</Filter>
    </ClCompile>
    <ClCompile Include="2025_CG2_DirectX\engine\Camera\Camera.cpp">
      <Filter>ソース ファイル\engine\Camera</Filter>
    </ClCompile>
    <ClCompile Include="2025_CG2_DirectX\engine\Model\ModelManager.cpp">
      <Filter>ソース ファイル\engine\Model</Filter>
    </ClCompile>
    <ClCompile Include="2025_CG2_DirectX\engine\Particle\Particle.cpp">
      <Filter>ソース ファイル\engine\Particle</Filter>
    </ClCompile>
    <ClCompile Include="2025_CG2_DirectX\engine\Particle\ParticleManager.cpp">
      <Filter>ソース ファイル\engine\Particle</Filter>
    </ClCompile>
    <ClCompile Include="2025_CG2_DirectX\engine\SRVManager.cpp">
      <Filter>ソース ファイル\engine</Filter>
    </ClCompile>
    <ClCompile Include="2025_CG2_DirectX\engine\TextureManager.cpp">
      <Filter>ソース ファイル\engine</Filter>
    </ClCompile>
    <ClCompile Include="2025_CG2_DirectX\engine\debug\ImGui\ImGuiManager.cpp">
      <Filter>ソース ファイル</Filter>
    </ClCompile>
  </ItemGroup>
  <ItemGroup>
    <FxCompile Include="resources\shaders\Object3d.PS.hlsl">
      <Filter>Shader</Filter>
    </FxCompile>
    <FxCompile Include="resources\shaders\Object3d.VS.hlsl">
      <Filter>Shader</Filter>
    </FxCompile>
    <FxCompile Include="resources\shaders\Particle.PS.hlsl" />
    <FxCompile Include="resources\shaders\Particle.VS.hlsl" />
  </ItemGroup>
  <ItemGroup>
    <ClInclude Include="externals\imgui\imconfig.h">
      <Filter>externals\imgui</Filter>
    </ClInclude>
    <ClInclude Include="externals\imgui\imgui.h">
      <Filter>externals\imgui</Filter>
    </ClInclude>
    <ClInclude Include="externals\imgui\imgui_internal.h">
      <Filter>externals\imgui</Filter>
    </ClInclude>
    <ClInclude Include="externals\imgui\imstb_rectpack.h">
      <Filter>externals\imgui</Filter>
    </ClInclude>
    <ClInclude Include="externals\imgui\imstb_textedit.h">
      <Filter>externals\imgui</Filter>
    </ClInclude>
    <ClInclude Include="externals\imgui\imstb_truetype.h">
      <Filter>externals\imgui</Filter>
    </ClInclude>
    <ClInclude Include="externals\imgui\imgui_impl_dx12.h">
      <Filter>externals\imgui</Filter>
    </ClInclude>
    <ClInclude Include="externals\imgui\imgui_impl_win32.h">
      <Filter>externals\imgui</Filter>
    </ClInclude>
    <ClInclude Include="2025_CG2_DirectX\engine\debug\DebugCamera.h">
      <Filter>ヘッダー ファイル\engine\debug</Filter>
    </ClInclude>
    <ClInclude Include="2025_CG2_DirectX\engine\utility\Math\MyMath.h">
      <Filter>ヘッダー ファイル\engine\utility</Filter>
    </ClInclude>
    <ClInclude Include="2025_CG2_DirectX\engine\input.h">
      <Filter>ヘッダー ファイル\engine</Filter>
    </ClInclude>
    <ClInclude Include="2025_CG2_DirectX\engine\WindowsApi.h">
      <Filter>ヘッダー ファイル\engine</Filter>
    </ClInclude>
    <ClInclude Include="2025_CG2_DirectX\engine\DirectXBasic.h">
      <Filter>ヘッダー ファイル\engine</Filter>
    </ClInclude>
    <ClInclude Include="2025_CG2_DirectX\engine\utility\Logger.h">
      <Filter>ヘッダー ファイル\engine\utility</Filter>
    </ClInclude>
    <ClInclude Include="2025_CG2_DirectX\engine\utility\StringUtility.h">
      <Filter>ヘッダー ファイル\engine\utility</Filter>
    </ClInclude>
    <ClInclude Include="2025_CG2_DirectX\engine\FixFPS.h">
      <Filter>ヘッダー ファイル\engine</Filter>
    </ClInclude>
    <ClInclude Include="2025_CG2_DirectX\engine\Sprite\Sprite.h">
      <Filter>ヘッダー ファイル\engine\Sprite</Filter>
    </ClInclude>
    <ClInclude Include="2025_CG2_DirectX\engine\Sprite\SpriteBasic.h">
      <Filter>ヘッダー ファイル\engine\Sprite</Filter>
    </ClInclude>
    <ClInclude Include="2025_CG2_DirectX\engine\Object3D\Object3D.h">
      <Filter>ヘッダー ファイル\engine\Object3D</Filter>
    </ClInclude>
    <ClInclude Include="2025_CG2_DirectX\engine\Object3D\Object3DBasic.h">
      <Filter>ヘッダー ファイル\engine\Object3D</Filter>
    </ClInclude>
    <ClInclude Include="2025_CG2_DirectX\engine\Camera\Camera.h">
      <Filter>ヘッダー ファイル\engine\Camera</Filter>
    </ClInclude>
    <ClInclude Include="2025_CG2_DirectX\engine\Model\ModelManager.h">
      <Filter>ヘッダー ファイル\engine\Model</Filter>
    </ClInclude>
    <ClInclude Include="2025_CG2_DirectX\engine\Particle\Particle.h">
      <Filter>ヘッダー ファイル\engine\Particle</Filter>
    </ClInclude>
    <ClInclude Include="2025_CG2_DirectX\engine\Particle\ParticleManager.h">
      <Filter>ヘッダー ファイル\engine\Particle</Filter>
    </ClInclude>
    <ClInclude Include="2025_CG2_DirectX\engine\SRVManager.h">
      <Filter>ヘッダー ファイル\engine</Filter>
    </ClInclude>
    <ClInclude Include="2025_CG2_DirectX\engine\TextureManager.h">
      <Filter>ヘッダー ファイル\engine</Filter>
    </ClInclude>
    <ClInclude Include="2025_CG2_DirectX\engine\utility\Math\Matrix3x3.h">
      <Filter>ヘッダー ファイル\engine\utility\Math</Filter>
    </ClInclude>
    <ClInclude Include="2025_CG2_DirectX\engine\utility\Math\Matrix4x4.h">
      <Filter>ヘッダー ファイル\engine\utility\Math</Filter>
    </ClInclude>
    <ClInclude Include="Transform.h">
      <Filter>ヘッダー ファイル\engine\utility\Math</Filter>
    </ClInclude>
    <ClInclude Include="TransformationMatrix.h">
      <Filter>ヘッダー ファイル\engine\utility\Math</Filter>
    </ClInclude>
    <ClInclude Include="2025_CG2_DirectX\engine\utility\Math\Vector2.h">
      <Filter>ヘッダー ファイル\engine\utility\Math</Filter>
    </ClInclude>
    <ClInclude Include="2025_CG2_DirectX\engine\utility\Math\Vector3.h">
      <Filter>ヘッダー ファイル\engine\utility\Math</Filter>
    </ClInclude>
    <ClInclude Include="2025_CG2_DirectX\engine\utility\Math\Vector4.h">
      <Filter>ヘッダー ファイル\engine\utility\Math</Filter>
    </ClInclude>
    <ClInclude Include="Material.h">
      <Filter>ヘッダー ファイル\engine</Filter>
    </ClInclude>
    <ClInclude Include="VertexData.h">
      <Filter>ヘッダー ファイル\engine</Filter>
    </ClInclude>
    <ClInclude Include="2025_CG2_DirectX\engine\debug\ImGui\ImGuiManager.h">
      <Filter>ヘッダー ファイル</Filter>
    </ClInclude>
  </ItemGroup>
  <ItemGroup>
    <Text Include="externals\imgui\LICENSE.txt">
      <Filter>externals\imgui</Filter>
    </Text>
  </ItemGroup>
  <ItemGroup>
    <None Include="resources\shaders\Object3d.hlsli">
      <Filter>Shader</Filter>
    </None>
    <None Include="resources\shaders\Particle.hlsli" />
  </ItemGroup>
</Project>